
Microsoft Visual Studio Solution File, Format Version 12.00
# Visual Studio 15
Project("{FAE04EC0-301F-11D3-BF4B-00C04F79EFBC}") = "FastSpringBone", "FastSpringBone.csproj", "{D3BA7457-F20C-5904-E76C-69EA486BF4D6}"
EndProject
Project("{FAE04EC0-301F-11D3-BF4B-00C04F79EFBC}") = "UniGLTF", "UniGLTF.csproj", "{14F5F9A0-E33B-7894-B273-4219EA01262C}"
EndProject
Project("{FAE04EC0-301F-11D3-BF4B-00C04F79EFBC}") = "Assembly-CSharp", "Assembly-CSharp.csproj", "{1C36962B-7976-49B2-804F-7E4C7ADBC689}"
EndProject
Project("{FAE04EC0-301F-11D3-BF4B-00C04F79EFBC}") = "VRM", "VRM.csproj", "{8FF0878E-0C4F-B555-A348-042B586D4B65}"
EndProject
Project("{FAE04EC0-301F-11D3-BF4B-00C04F79EFBC}") = "VRMShaders.GLTF.IO.Runtime", "VRMShaders.GLTF.IO.Runtime.csproj", "{8240F85D-5AD5-CB3A-703D-202EC5A09AD6}"
EndProject
Project("{FAE04EC0-301F-11D3-BF4B-00C04F79EFBC}") = "VRMShaders.VRM10.MToon10.Runtime", "VRMShaders.VRM10.MToon10.Runtime.csproj", "{84455459-09F8-9AEF-FA8D-B3112729F72A}"
EndProject
Project("{FAE04EC0-301F-11D3-BF4B-00C04F79EFBC}") = "UniHumanoid", "UniHumanoid.csproj", "{4963D57E-11D4-E11A-742F-177E65FA3C70}"
EndProject
Project("{FAE04EC0-301F-11D3-BF4B-00C04F79EFBC}") = "VRMShaders.GLTF.UniUnlit.Runtime", "VRMShaders.GLTF.UniUnlit.Runtime.csproj", "{19F1EB3B-EB03-9F34-2062-36473014EB35}"
EndProject
Project("{FAE04EC0-301F-11D3-BF4B-00C04F79EFBC}") = "VRMShaders.VRM.IO.Runtime", "VRMShaders.VRM.IO.Runtime.csproj", "{1F51F62E-7CF9-C939-9489-3103ACF0EFFA}"
EndProject
Project("{FAE04EC0-301F-11D3-BF4B-00C04F79EFBC}") = "MToon", "MToon.csproj", "{71EB0867-8265-ED56-F1E7-E7001E301BB8}"
EndProject
Project("{FAE04EC0-301F-11D3-BF4B-00C04F79EFBC}") = "VRMShaders.VRM10.Format.Runtime", "VRMShaders.VRM10.Format.Runtime.csproj", "{284C31F4-0AF9-DD0A-C089-56010FDAFA14}"
EndProject
Project("{FAE04EC0-301F-11D3-BF4B-00C04F79EFBC}") = "UniGLTF.Samples.ScreenSpace", "UniGLTF.Samples.ScreenSpace.csproj", "{A8D8B751-1476-C43E-F35A-79A0A339CC08}"
EndProject
Project("{FAE04EC0-301F-11D3-BF4B-00C04F79EFBC}") = "VRM.Tests", "VRM.Tests.csproj", "{7F48F374-2472-1CFA-D2F1-560ADBFF258D}"
EndProject
Project("{FAE04EC0-301F-11D3-BF4B-00C04F79EFBC}") = "UniGLTF.Tests", "UniGLTF.Tests.csproj", "{1D4F3A75-8F48-1C0F-AAC4-0A1BFC21B716}"
EndProject
Project("{FAE04EC0-301F-11D3-BF4B-00C04F79EFBC}") = "UniGLTF.Editor", "UniGLTF.Editor.csproj", "{6D57FFFE-A9D3-EAFF-6D27-317D7DED8331}"
EndProject
Project("{FAE04EC0-301F-11D3-BF4B-00C04F79EFBC}") = "UniVRM.Editor", "UniVRM.Editor.csproj", "{14ACC3FE-9201-B27C-5A54-473B5C70B9B6}"
EndProject
Project("{FAE04EC0-301F-11D3-BF4B-00C04F79EFBC}") = "VRMShaders.GLTF.UniUnlit.Editor", "VRMShaders.GLTF.UniUnlit.Editor.csproj", "{8E144A96-0A9C-AC13-2786-B0D12DB7FDD4}"
EndProject
Project("{FAE04EC0-301F-11D3-BF4B-00C04F79EFBC}") = "UniHumanoid.Editor", "UniHumanoid.Editor.csproj", "{E606DE31-ED80-2A92-2D05-5812EB0ED2F6}"
EndProject
Project("{FAE04EC0-301F-11D3-BF4B-00C04F79EFBC}") = "Assembly-CSharp-Editor", "Assembly-CSharp-Editor.csproj", "{74C5ACC8-F3F0-0E91-C4A6-D6E682648063}"
EndProject
Project("{FAE04EC0-301F-11D3-BF4B-00C04F79EFBC}") = "VRMShaders.GLTF.IO.Tests", "VRMShaders.GLTF.IO.Tests.csproj", "{6C5E81D6-66FE-0C06-03C6-358F385E6145}"
EndProject
Project("{FAE04EC0-301F-11D3-BF4B-00C04F79EFBC}") = "VRMShaders.VRM10.MToon10.Tests", "VRMShaders.VRM10.MToon10.Tests.csproj", "{7236A83B-58AA-EE44-CD64-ABCD91767874}"
EndProject
Project("{FAE04EC0-301F-11D3-BF4B-00C04F79EFBC}") = "VRMShaders.VRM10.MToon10.Editor", "VRMShaders.VRM10.MToon10.Editor.csproj", "{1CC81395-AF85-3F3A-66DB-3D48F59D4190}"
EndProject
Project("{FAE04EC0-301F-11D3-BF4B-00C04F79EFBC}") = "UniHumanoid.Editor.Tests", "UniHumanoid.Editor.Tests.csproj", "{93B70C6C-164D-E2DC-E2A9-6F7F2AFC9AC4}"
EndProject
Project("{FAE04EC0-301F-11D3-BF4B-00C04F79EFBC}") = "MToon.Editor", "MToon.Editor.csproj", "{981795C5-1895-6699-4CF8-B303C0A87BC1}"
EndProject
Project("{FAE04EC0-301F-11D3-BF4B-00C04F79EFBC}") = "VRM.Samples.Editor.Tests", "VRM.Samples.Editor.Tests.csproj", "{48AE40A5-F22C-07AA-ED5D-1D61EC02BBCF}"
EndProject
Project("{FAE04EC0-301F-11D3-BF4B-00C04F79EFBC}") = "VRMShaders.GLTF.IO.Editor", "VRMShaders.GLTF.IO.Editor.csproj", "{260B58CE-97F5-DCC8-C7B1-186388643B80}"
EndProject
Project("{FAE04EC0-301F-11D3-BF4B-00C04F79EFBC}") = "VRMShaders.VRM.IO.Editor", "VRMShaders.VRM.IO.Editor.csproj", "{EFEE265B-07CE-90E1-775B-4DA8BF3C0B0A}"
EndProject
Global
	GlobalSection(SolutionConfigurationPlatforms) = preSolution
		Debug|Any CPU = Debug|Any CPU
		Release|Any CPU = Release|Any CPU
	EndGlobalSection
	GlobalSection(ProjectConfigurationPlatforms) = postSolution
		{D3BA7457-F20C-5904-E76C-69EA486BF4D6}.Debug|Any CPU.ActiveCfg = Debug|Any CPU
		{D3BA7457-F20C-5904-E76C-69EA486BF4D6}.Debug|Any CPU.Build.0 = Debug|Any CPU
		{D3BA7457-F20C-5904-E76C-69EA486BF4D6}.Release|Any CPU.ActiveCfg = Release|Any CPU
		{D3BA7457-F20C-5904-E76C-69EA486BF4D6}.Release|Any CPU.Build.0 = Release|Any CPU
		{14F5F9A0-E33B-7894-B273-4219EA01262C}.Debug|Any CPU.ActiveCfg = Debug|Any CPU
		{14F5F9A0-E33B-7894-B273-4219EA01262C}.Debug|Any CPU.Build.0 = Debug|Any CPU
		{14F5F9A0-E33B-7894-B273-4219EA01262C}.Release|Any CPU.ActiveCfg = Release|Any CPU
		{14F5F9A0-E33B-7894-B273-4219EA01262C}.Release|Any CPU.Build.0 = Release|Any CPU
		{1C36962B-7976-49B2-804F-7E4C7ADBC689}.Debug|Any CPU.ActiveCfg = Debug|Any CPU
		{1C36962B-7976-49B2-804F-7E4C7ADBC689}.Debug|Any CPU.Build.0 = Debug|Any CPU
		{1C36962B-7976-49B2-804F-7E4C7ADBC689}.Release|Any CPU.ActiveCfg = Release|Any CPU
		{1C36962B-7976-49B2-804F-7E4C7ADBC689}.Release|Any CPU.Build.0 = Release|Any CPU
		{8FF0878E-0C4F-B555-A348-042B586D4B65}.Debug|Any CPU.ActiveCfg = Debug|Any CPU
		{8FF0878E-0C4F-B555-A348-042B586D4B65}.Debug|Any CPU.Build.0 = Debug|Any CPU
		{8FF0878E-0C4F-B555-A348-042B586D4B65}.Release|Any CPU.ActiveCfg = Release|Any CPU
		{8FF0878E-0C4F-B555-A348-042B586D4B65}.Release|Any CPU.Build.0 = Release|Any CPU
		{8240F85D-5AD5-CB3A-703D-202EC5A09AD6}.Debug|Any CPU.ActiveCfg = Debug|Any CPU
		{8240F85D-5AD5-CB3A-703D-202EC5A09AD6}.Debug|Any CPU.Build.0 = Debug|Any CPU
		{8240F85D-5AD5-CB3A-703D-202EC5A09AD6}.Release|Any CPU.ActiveCfg = Release|Any CPU
		{8240F85D-5AD5-CB3A-703D-202EC5A09AD6}.Release|Any CPU.Build.0 = Release|Any CPU
		{84455459-09F8-9AEF-FA8D-B3112729F72A}.Debug|Any CPU.ActiveCfg = Debug|Any CPU
		{84455459-09F8-9AEF-FA8D-B3112729F72A}.Debug|Any CPU.Build.0 = Debug|Any CPU
		{84455459-09F8-9AEF-FA8D-B3112729F72A}.Release|Any CPU.ActiveCfg = Release|Any CPU
		{84455459-09F8-9AEF-FA8D-B3112729F72A}.Release|Any CPU.Build.0 = Release|Any CPU
		{4963D57E-11D4-E11A-742F-177E65FA3C70}.Debug|Any CPU.ActiveCfg = Debug|Any CPU
		{4963D57E-11D4-E11A-742F-177E65FA3C70}.Debug|Any CPU.Build.0 = Debug|Any CPU
		{4963D57E-11D4-E11A-742F-177E65FA3C70}.Release|Any CPU.ActiveCfg = Release|Any CPU
		{4963D57E-11D4-E11A-742F-177E65FA3C70}.Release|Any CPU.Build.0 = Release|Any CPU
		{19F1EB3B-EB03-9F34-2062-36473014EB35}.Debug|Any CPU.ActiveCfg = Debug|Any CPU
		{19F1EB3B-EB03-9F34-2062-36473014EB35}.Debug|Any CPU.Build.0 = Debug|Any CPU
		{19F1EB3B-EB03-9F34-2062-36473014EB35}.Release|Any CPU.ActiveCfg = Release|Any CPU
		{19F1EB3B-EB03-9F34-2062-36473014EB35}.Release|Any CPU.Build.0 = Release|Any CPU
		{1F51F62E-7CF9-C939-9489-3103ACF0EFFA}.Debug|Any CPU.ActiveCfg = Debug|Any CPU
		{1F51F62E-7CF9-C939-9489-3103ACF0EFFA}.Debug|Any CPU.Build.0 = Debug|Any CPU
		{1F51F62E-7CF9-C939-9489-3103ACF0EFFA}.Release|Any CPU.ActiveCfg = Release|Any CPU
		{1F51F62E-7CF9-C939-9489-3103ACF0EFFA}.Release|Any CPU.Build.0 = Release|Any CPU
		{71EB0867-8265-ED56-F1E7-E7001E301BB8}.Debug|Any CPU.ActiveCfg = Debug|Any CPU
		{71EB0867-8265-ED56-F1E7-E7001E301BB8}.Debug|Any CPU.Build.0 = Debug|Any CPU
		{71EB0867-8265-ED56-F1E7-E7001E301BB8}.Release|Any CPU.ActiveCfg = Release|Any CPU
		{71EB0867-8265-ED56-F1E7-E7001E301BB8}.Release|Any CPU.Build.0 = Release|Any CPU
		{284C31F4-0AF9-DD0A-C089-56010FDAFA14}.Debug|Any CPU.ActiveCfg = Debug|Any CPU
		{284C31F4-0AF9-DD0A-C089-56010FDAFA14}.Debug|Any CPU.Build.0 = Debug|Any CPU
		{284C31F4-0AF9-DD0A-C089-56010FDAFA14}.Release|Any CPU.ActiveCfg = Release|Any CPU
		{284C31F4-0AF9-DD0A-C089-56010FDAFA14}.Release|Any CPU.Build.0 = Release|Any CPU
		{A8D8B751-1476-C43E-F35A-79A0A339CC08}.Debug|Any CPU.ActiveCfg = Debug|Any CPU
		{A8D8B751-1476-C43E-F35A-79A0A339CC08}.Debug|Any CPU.Build.0 = Debug|Any CPU
		{A8D8B751-1476-C43E-F35A-79A0A339CC08}.Release|Any CPU.ActiveCfg = Release|Any CPU
		{A8D8B751-1476-C43E-F35A-79A0A339CC08}.Release|Any CPU.Build.0 = Release|Any CPU
		{7F48F374-2472-1CFA-D2F1-560ADBFF258D}.Debug|Any CPU.ActiveCfg = Debug|Any CPU
		{7F48F374-2472-1CFA-D2F1-560ADBFF258D}.Debug|Any CPU.Build.0 = Debug|Any CPU
		{7F48F374-2472-1CFA-D2F1-560ADBFF258D}.Release|Any CPU.ActiveCfg = Release|Any CPU
		{7F48F374-2472-1CFA-D2F1-560ADBFF258D}.Release|Any CPU.Build.0 = Release|Any CPU
		{1D4F3A75-8F48-1C0F-AAC4-0A1BFC21B716}.Debug|Any CPU.ActiveCfg = Debug|Any CPU
		{1D4F3A75-8F48-1C0F-AAC4-0A1BFC21B716}.Debug|Any CPU.Build.0 = Debug|Any CPU
		{1D4F3A75-8F48-1C0F-AAC4-0A1BFC21B716}.Release|Any CPU.ActiveCfg = Release|Any CPU
		{1D4F3A75-8F48-1C0F-AAC4-0A1BFC21B716}.Release|Any CPU.Build.0 = Release|Any CPU
		{6D57FFFE-A9D3-EAFF-6D27-317D7DED8331}.Debug|Any CPU.ActiveCfg = Debug|Any CPU
		{6D57FFFE-A9D3-EAFF-6D27-317D7DED8331}.Debug|Any CPU.Build.0 = Debug|Any CPU
		{6D57FFFE-A9D3-EAFF-6D27-317D7DED8331}.Release|Any CPU.ActiveCfg = Release|Any CPU
		{6D57FFFE-A9D3-EAFF-6D27-317D7DED8331}.Release|Any CPU.Build.0 = Release|Any CPU
		{14ACC3FE-9201-B27C-5A54-473B5C70B9B6}.Debug|Any CPU.ActiveCfg = Debug|Any CPU
		{14ACC3FE-9201-B27C-5A54-473B5C70B9B6}.Debug|Any CPU.Build.0 = Debug|Any CPU
		{14ACC3FE-9201-B27C-5A54-473B5C70B9B6}.Release|Any CPU.ActiveCfg = Release|Any CPU
		{14ACC3FE-9201-B27C-5A54-473B5C70B9B6}.Release|Any CPU.Build.0 = Release|Any CPU
		{8E144A96-0A9C-AC13-2786-B0D12DB7FDD4}.Debug|Any CPU.ActiveCfg = Debug|Any CPU
		{8E144A96-0A9C-AC13-2786-B0D12DB7FDD4}.Debug|Any CPU.Build.0 = Debug|Any CPU
		{8E144A96-0A9C-AC13-2786-B0D12DB7FDD4}.Release|Any CPU.ActiveCfg = Release|Any CPU
		{8E144A96-0A9C-AC13-2786-B0D12DB7FDD4}.Release|Any CPU.Build.0 = Release|Any CPU
		{E606DE31-ED80-2A92-2D05-5812EB0ED2F6}.Debug|Any CPU.ActiveCfg = Debug|Any CPU
		{E606DE31-ED80-2A92-2D05-5812EB0ED2F6}.Debug|Any CPU.Build.0 = Debug|Any CPU
		{E606DE31-ED80-2A92-2D05-5812EB0ED2F6}.Release|Any CPU.ActiveCfg = Release|Any CPU
		{E606DE31-ED80-2A92-2D05-5812EB0ED2F6}.Release|Any CPU.Build.0 = Release|Any CPU
		{74C5ACC8-F3F0-0E91-C4A6-D6E682648063}.Debug|Any CPU.ActiveCfg = Debug|Any CPU
		{74C5ACC8-F3F0-0E91-C4A6-D6E682648063}.Debug|Any CPU.Build.0 = Debug|Any CPU
		{74C5ACC8-F3F0-0E91-C4A6-D6E682648063}.Release|Any CPU.ActiveCfg = Release|Any CPU
		{74C5ACC8-F3F0-0E91-C4A6-D6E682648063}.Release|Any CPU.Build.0 = Release|Any CPU
		{6C5E81D6-66FE-0C06-03C6-358F385E6145}.Debug|Any CPU.ActiveCfg = Debug|Any CPU
		{6C5E81D6-66FE-0C06-03C6-358F385E6145}.Debug|Any CPU.Build.0 = Debug|Any CPU
		{6C5E81D6-66FE-0C06-03C6-358F385E6145}.Release|Any CPU.ActiveCfg = Release|Any CPU
		{6C5E81D6-66FE-0C06-03C6-358F385E6145}.Release|Any CPU.Build.0 = Release|Any CPU
		{7236A83B-58AA-EE44-CD64-ABCD91767874}.Debug|Any CPU.ActiveCfg = Debug|Any CPU
		{7236A83B-58AA-EE44-CD64-ABCD91767874}.Debug|Any CPU.Build.0 = Debug|Any CPU
		{7236A83B-58AA-EE44-CD64-ABCD91767874}.Release|Any CPU.ActiveCfg = Release|Any CPU
		{7236A83B-58AA-EE44-CD64-ABCD91767874}.Release|Any CPU.Build.0 = Release|Any CPU
		{1CC81395-AF85-3F3A-66DB-3D48F59D4190}.Debug|Any CPU.ActiveCfg = Debug|Any CPU
		{1CC81395-AF85-3F3A-66DB-3D48F59D4190}.Debug|Any CPU.Build.0 = Debug|Any CPU
		{1CC81395-AF85-3F3A-66DB-3D48F59D4190}.Release|Any CPU.ActiveCfg = Release|Any CPU
		{1CC81395-AF85-3F3A-66DB-3D48F59D4190}.Release|Any CPU.Build.0 = Release|Any CPU
		{93B70C6C-164D-E2DC-E2A9-6F7F2AFC9AC4}.Debug|Any CPU.ActiveCfg = Debug|Any CPU
		{93B70C6C-164D-E2DC-E2A9-6F7F2AFC9AC4}.Debug|Any CPU.Build.0 = Debug|Any CPU
		{93B70C6C-164D-E2DC-E2A9-6F7F2AFC9AC4}.Release|Any CPU.ActiveCfg = Release|Any CPU
		{93B70C6C-164D-E2DC-E2A9-6F7F2AFC9AC4}.Release|Any CPU.Build.0 = Release|Any CPU
		{981795C5-1895-6699-4CF8-B303C0A87BC1}.Debug|Any CPU.ActiveCfg = Debug|Any CPU
		{981795C5-1895-6699-4CF8-B303C0A87BC1}.Debug|Any CPU.Build.0 = Debug|Any CPU
		{981795C5-1895-6699-4CF8-B303C0A87BC1}.Release|Any CPU.ActiveCfg = Release|Any CPU
		{981795C5-1895-6699-4CF8-B303C0A87BC1}.Release|Any CPU.Build.0 = Release|Any CPU
		{48AE40A5-F22C-07AA-ED5D-1D61EC02BBCF}.Debug|Any CPU.ActiveCfg = Debug|Any CPU
		{48AE40A5-F22C-07AA-ED5D-1D61EC02BBCF}.Debug|Any CPU.Build.0 = Debug|Any CPU
		{48AE40A5-F22C-07AA-ED5D-1D61EC02BBCF}.Release|Any CPU.ActiveCfg = Release|Any CPU
		{48AE40A5-F22C-07AA-ED5D-1D61EC02BBCF}.Release|Any CPU.Build.0 = Release|Any CPU
		{260B58CE-97F5-DCC8-C7B1-186388643B80}.Debug|Any CPU.ActiveCfg = Debug|Any CPU
		{260B58CE-97F5-DCC8-C7B1-186388643B80}.Debug|Any CPU.Build.0 = Debug|Any CPU
		{260B58CE-97F5-DCC8-C7B1-186388643B80}.Release|Any CPU.ActiveCfg = Release|Any CPU
		{260B58CE-97F5-DCC8-C7B1-186388643B80}.Release|Any CPU.Build.0 = Release|Any CPU
		{EFEE265B-07CE-90E1-775B-4DA8BF3C0B0A}.Debug|Any CPU.ActiveCfg = Debug|Any CPU
		{EFEE265B-07CE-90E1-775B-4DA8BF3C0B0A}.Debug|Any CPU.Build.0 = Debug|Any CPU
		{EFEE265B-07CE-90E1-775B-4DA8BF3C0B0A}.Release|Any CPU.ActiveCfg = Release|Any CPU
		{EFEE265B-07CE-90E1-775B-4DA8BF3C0B0A}.Release|Any CPU.Build.0 = Release|Any CPU
	EndGlobalSection
	GlobalSection(SolutionProperties) = preSolution
		HideSolutionNode = FALSE
	EndGlobalSection
EndGlobal
